
Microsoft Visual Studio Solution File, Format Version 12.00
# Visual Studio Version 16
VisualStudioVersion = 16.0.31702.278
MinimumVisualStudioVersion = 10.0.40219.1
Project("{8BC9CEB8-8B4A-11D0-8D11-00A0C91BC942}") = "电赛", "电赛.vcxproj", "{351155CE-1D61-4B29-851F-97BDAAA62EBE}"
EndProject
Global
	GlobalSection(SolutionConfigurationPlatforms) = preSolution
		Debug|x64 = Debug|x64
		Debug|x86 = Debug|x86
		Release|x64 = Release|x64
		Release|x86 = Release|x86
	EndGlobalSection
	GlobalSection(ProjectConfigurationPlatforms) = postSolution
		{351155CE-1D61-4B29-851F-97BDAAA62EBE}.Debug|x64.ActiveCfg = Debug|x64
		{351155CE-1D61-4B29-851F-97BDAAA62EBE}.Debug|x64.Build.0 = Debug|x64
		{351155CE-1D61-4B29-851F-97BDAAA62EBE}.Debug|x86.ActiveCfg = Debug|Win32
		{351155CE-1D61-4B29-851F-97BDAAA62EBE}.Debug|x86.Build.0 = Debug|Win32
		{351155CE-1D61-4B29-851F-97BDAAA62EBE}.Release|x64.ActiveCfg = Release|x64
		{351155CE-1D61-4B29-851F-97BDAAA62EBE}.Release|x64.Build.0 = Release|x64
		{351155CE-1D61-4B29-851F-97BDAAA62EBE}.Release|x86.ActiveCfg = Release|Win32
		{351155CE-1D61-4B29-851F-97BDAAA62EBE}.Release|x86.Build.0 = Release|Win32
	EndGlobalSection
	GlobalSection(SolutionProperties) = preSolution
		HideSolutionNode = FALSE
	EndGlobalSection
	GlobalSection(ExtensibilityGlobals) = postSolution
		SolutionGuid = {84668DAF-5821-4802-A267-5E6067E221B3}
	EndGlobalSection
EndGlobal
